
Microsoft Visual Studio Solution File, Format Version 12.00
# Visual Studio Version 16
VisualStudioVersion = 16.0.31624.102
MinimumVisualStudioVersion = 10.0.40219.1
Project("{FAE04EC0-301F-11D3-BF4B-00C04F79EFBC}") = "Lab3 - 2021", "Lab3 - 2021\Lab3 - 2021.csproj", "{00DF1577-FE58-4011-831E-D1EC8328142A}"
EndProject
Global
	GlobalSection(SolutionConfigurationPlatforms) = preSolution
		Debug|Any CPU = Debug|Any CPU
		Release|Any CPU = Release|Any CPU
	EndGlobalSection
	GlobalSection(ProjectConfigurationPlatforms) = postSolution
		{00DF1577-FE58-4011-831E-D1EC8328142A}.Debug|Any CPU.ActiveCfg = Debug|Any CPU
		{00DF1577-FE58-4011-831E-D1EC8328142A}.Debug|Any CPU.Build.0 = Debug|Any CPU
		{00DF1577-FE58-4011-831E-D1EC8328142A}.Release|Any CPU.ActiveCfg = Release|Any CPU
		{00DF1577-FE58-4011-831E-D1EC8328142A}.Release|Any CPU.Build.0 = Release|Any CPU
	EndGlobalSection
	GlobalSection(SolutionProperties) = preSolution
		HideSolutionNode = FALSE
	EndGlobalSection
	GlobalSection(ExtensibilityGlobals) = postSolution
		SolutionGuid = {59B398C4-D54F-41FA-8E16-D4BCD4521D85}
	EndGlobalSection
EndGlobal
